// !$*UTF8*$!
{
	archiveVersion = 1;
	classes = {
	};
	objectVersion = 56;
	objects = {

/* Begin PBXBuildFile section */
		BD3B3B572C1A53B80025B15A /* LimitLockApp.swift in Sources */ = {isa = PBXBuildFile; fileRef = BD3B3B562C1A53B80025B15A /* LimitLockApp.swift */; };
		BD3B3B592C1A53B80025B15A /* ContentView.swift in Sources */ = {isa = PBXBuildFile; fileRef = BD3B3B582C1A53B80025B15A /* ContentView.swift */; };
		BD3B3B5B2C1A53BA0025B15A /* Assets.xcassets in Resources */ = {isa = PBXBuildFile; fileRef = BD3B3B5A2C1A53BA0025B15A /* Assets.xcassets */; };
		BD3B3B5E2C1A53BA0025B15A /* Preview Assets.xcassets in Resources */ = {isa = PBXBuildFile; fileRef = BD3B3B5D2C1A53BA0025B15A /* Preview Assets.xcassets */; };
		BD3B3B682C1A53BA0025B15A /* LimitLockTests.swift in Sources */ = {isa = PBXBuildFile; fileRef = BD3B3B672C1A53BA0025B15A /* LimitLockTests.swift */; };
		BD3B3B722C1A53BA0025B15A /* LimitLockUITests.swift in Sources */ = {isa = PBXBuildFile; fileRef = BD3B3B712C1A53BA0025B15A /* LimitLockUITests.swift */; };
		BD3B3B742C1A53BA0025B15A /* LimitLockUITestsLaunchTests.swift in Sources */ = {isa = PBXBuildFile; fileRef = BD3B3B732C1A53BA0025B15A /* LimitLockUITestsLaunchTests.swift */; };
/* End PBXBuildFile section */

/* Begin PBXContainerItemProxy section */
		BD3B3B642C1A53BA0025B15A /* PBXContainerItemProxy */ = {
			isa = PBXContainerItemProxy;
			containerPortal = BD3B3B4B2C1A53B80025B15A /* Project object */;
			proxyType = 1;
			remoteGlobalIDString = BD3B3B522C1A53B80025B15A;
			remoteInfo = LimitLock;
		};
		BD3B3B6E2C1A53BA0025B15A /* PBXContainerItemProxy */ = {
			isa = PBXContainerItemProxy;
			containerPortal = BD3B3B4B2C1A53B80025B15A /* Project object */;
			proxyType = 1;
			remoteGlobalIDString = BD3B3B522C1A53B80025B15A;
			remoteInfo = LimitLock;
		};
/* End PBXContainerItemProxy section */

/* Begin PBXFileReference section */
		BD3B3B532C1A53B80025B15A /* LimitLock.app */ = {isa = PBXFileReference; explicitFileType = wrapper.application; includeInIndex = 0; path = LimitLock.app; sourceTree = BUILT_PRODUCTS_DIR; };
		BD3B3B562C1A53B80025B15A /* LimitLockApp.swift */ = {isa = PBXFileReference; lastKnownFileType = sourcecode.swift; path = LimitLockApp.swift; sourceTree = "<group>"; };
		BD3B3B582C1A53B80025B15A /* ContentView.swift */ = {isa = PBXFileReference; lastKnownFileType = sourcecode.swift; path = ContentView.swift; sourceTree = "<group>"; };
		BD3B3B5A2C1A53BA0025B15A /* Assets.xcassets */ = {isa = PBXFileReference; lastKnownFileType = folder.assetcatalog; path = Assets.xcassets; sourceTree = "<group>"; };
		BD3B3B5D2C1A53BA0025B15A /* Preview Assets.xcassets */ = {isa = PBXFileReference; lastKnownFileType = folder.assetcatalog; path = "Preview Assets.xcassets"; sourceTree = "<group>"; };
		BD3B3B632C1A53BA0025B15A /* LimitLockTests.xctest */ = {isa = PBXFileReference; explicitFileType = wrapper.cfbundle; includeInIndex = 0; path = LimitLockTests.xctest; sourceTree = BUILT_PRODUCTS_DIR; };
		BD3B3B672C1A53BA0025B15A /* LimitLockTests.swift */ = {isa = PBXFileReference; lastKnownFileType = sourcecode.swift; path = LimitLockTests.swift; sourceTree = "<group>"; };
		BD3B3B6D2C1A53BA0025B15A /* LimitLockUITests.xctest */ = {isa = PBXFileReference; explicitFileType = wrapper.cfbundle; includeInIndex = 0; path = LimitLockUITests.xctest; sourceTree = BUILT_PRODUCTS_DIR; };
		BD3B3B712C1A53BA0025B15A /* LimitLockUITests.swift */ = {isa = PBXFileReference; lastKnownFileType = sourcecode.swift; path = LimitLockUITests.swift; sourceTree = "<group>"; };
		BD3B3B732C1A53BA0025B15A /* LimitLockUITestsLaunchTests.swift */ = {isa = PBXFileReference; lastKnownFileType = sourcecode.swift; path = LimitLockUITestsLaunchTests.swift; sourceTree = "<group>"; };
/* End PBXFileReference section */

/* Begin PBXFrameworksBuildPhase section */
		BD3B3B502C1A53B80025B15A /* Frameworks */ = {
			isa = PBXFrameworksBuildPhase;
			buildActionMask = 2147483647;
			files = (
			);
			runOnlyForDeploymentPostprocessing = 0;
		};
		BD3B3B602C1A53BA0025B15A /* Frameworks */ = {
			isa = PBXFrameworksBuildPhase;
			buildActionMask = 2147483647;
			files = (
			);
			runOnlyForDeploymentPostprocessing = 0;
		};
		BD3B3B6A2C1A53BA0025B15A /* Frameworks */ = {
			isa = PBXFrameworksBuildPhase;
			buildActionMask = 2147483647;
			files = (
			);
			runOnlyForDeploymentPostprocessing = 0;
		};
/* End PBXFrameworksBuildPhase section */

/* Begin PBXGroup section */
		BD3B3B4A2C1A53B80025B15A = {
			isa = PBXGroup;
			children = (
				BD3B3B552C1A53B80025B15A /* LimitLock */,
				BD3B3B662C1A53BA0025B15A /* LimitLockTests */,
				BD3B3B702C1A53BA0025B15A /* LimitLockUITests */,
				BD3B3B542C1A53B80025B15A /* Products */,
			);
			sourceTree = "<group>";
		};
		BD3B3B542C1A53B80025B15A /* Products */ = {
			isa = PBXGroup;
			children = (
				BD3B3B532C1A53B80025B15A /* LimitLock.app */,
				BD3B3B632C1A53BA0025B15A /* LimitLockTests.xctest */,
				BD3B3B6D2C1A53BA0025B15A /* LimitLockUITests.xctest */,
			);
			name = Products;
			sourceTree = "<group>";
		};
		BD3B3B552C1A53B80025B15A /* LimitLock */ = {
			isa = PBXGroup;
			children = (
				BD3B3B562C1A53B80025B15A /* LimitLockApp.swift */,
				BD3B3B582C1A53B80025B15A /* ContentView.swift */,
				BD3B3B5A2C1A53BA0025B15A /* Assets.xcassets */,
				BD3B3B5C2C1A53BA0025B15A /* Preview Content */,
			);
			path = LimitLock;
			sourceTree = "<group>";
		};
		BD3B3B5C2C1A53BA0025B15A /* Preview Content */ = {
			isa = PBXGroup;
			children = (
				BD3B3B5D2C1A53BA0025B15A /* Preview Assets.xcassets */,
			);
			path = "Preview Content";
			sourceTree = "<group>";
		};
		BD3B3B662C1A53BA0025B15A /* LimitLockTests */ = {
			isa = PBXGroup;
			children = (
				BD3B3B672C1A53BA0025B15A /* LimitLockTests.swift */,
			);
			path = LimitLockTests;
			sourceTree = "<group>";
		};
		BD3B3B702C1A53BA0025B15A /* LimitLockUITests */ = {
			isa = PBXGroup;
			children = (
				BD3B3B712C1A53BA0025B15A /* LimitLockUITests.swift */,
				BD3B3B732C1A53BA0025B15A /* LimitLockUITestsLaunchTests.swift */,
			);
			path = LimitLockUITests;
			sourceTree = "<group>";
		};
/* End PBXGroup section */

/* Begin PBXNativeTarget section */
		BD3B3B522C1A53B80025B15A /* LimitLock */ = {
			isa = PBXNativeTarget;
			buildConfigurationList = BD3B3B772C1A53BA0025B15A /* Build configuration list for PBXNativeTarget "LimitLock" */;
			buildPhases = (
				BD3B3B4F2C1A53B80025B15A /* Sources */,
				BD3B3B502C1A53B80025B15A /* Frameworks */,
				BD3B3B512C1A53B80025B15A /* Resources */,
			);
			buildRules = (
			);
			dependencies = (
			);
			name = LimitLock;
			productName = LimitLock;
			productReference = BD3B3B532C1A53B80025B15A /* LimitLock.app */;
			productType = "com.apple.product-type.application";
		};
		BD3B3B622C1A53BA0025B15A /* LimitLockTests */ = {
			isa = PBXNativeTarget;
			buildConfigurationList = BD3B3B7A2C1A53BA0025B15A /* Build configuration list for PBXNativeTarget "LimitLockTests" */;
			buildPhases = (
				BD3B3B5F2C1A53BA0025B15A /* Sources */,
				BD3B3B602C1A53BA0025B15A /* Frameworks */,
				BD3B3B612C1A53BA0025B15A /* Resources */,
			);
			buildRules = (
			);
			dependencies = (
				BD3B3B652C1A53BA0025B15A /* PBXTargetDependency */,
			);
			name = LimitLockTests;
			productName = LimitLockTests;
			productReference = BD3B3B632C1A53BA0025B15A /* LimitLockTests.xctest */;
			productType = "com.apple.product-type.bundle.unit-test";
		};
		BD3B3B6C2C1A53BA0025B15A /* LimitLockUITests */ = {
			isa = PBXNativeTarget;
			buildConfigurationList = BD3B3B7D2C1A53BA0025B15A /* Build configuration list for PBXNativeTarget "LimitLockUITests" */;
			buildPhases = (
				BD3B3B692C1A53BA0025B15A /* Sources */,
				BD3B3B6A2C1A53BA0025B15A /* Frameworks */,
				BD3B3B6B2C1A53BA0025B15A /* Resources */,
			);
			buildRules = (
			);
			dependencies = (
				BD3B3B6F2C1A53BA0025B15A /* PBXTargetDependency */,
			);
			name = LimitLockUITests;
			productName = LimitLockUITests;
			productReference = BD3B3B6D2C1A53BA0025B15A /* LimitLockUITests.xctest */;
			productType = "com.apple.product-type.bundle.ui-testing";
		};
/* End PBXNativeTarget section */

/* Begin PBXProject section */
		BD3B3B4B2C1A53B80025B15A /* Project object */ = {
			isa = PBXProject;
			attributes = {
				BuildIndependentTargetsInParallel = 1;
				LastSwiftUpdateCheck = 1540;
				LastUpgradeCheck = 1540;
				TargetAttributes = {
					BD3B3B522C1A53B80025B15A = {
						CreatedOnToolsVersion = 15.4;
					};
					BD3B3B622C1A53BA0025B15A = {
						CreatedOnToolsVersion = 15.4;
						TestTargetID = BD3B3B522C1A53B80025B15A;
					};
					BD3B3B6C2C1A53BA0025B15A = {
						CreatedOnToolsVersion = 15.4;
						TestTargetID = BD3B3B522C1A53B80025B15A;
					};
				};
			};
			buildConfigurationList = BD3B3B4E2C1A53B80025B15A /* Build configuration list for PBXProject "LimitLock" */;
			compatibilityVersion = "Xcode 14.0";
			developmentRegion = en;
			hasScannedForEncodings = 0;
			knownRegions = (
				en,
				Base,
			);
			mainGroup = BD3B3B4A2C1A53B80025B15A;
			productRefGroup = BD3B3B542C1A53B80025B15A /* Products */;
			projectDirPath = "";
			projectRoot = "";
			targets = (
				BD3B3B522C1A53B80025B15A /* LimitLock */,
				BD3B3B622C1A53BA0025B15A /* LimitLockTests */,
				BD3B3B6C2C1A53BA0025B15A /* LimitLockUITests */,
			);
		};
/* End PBXProject section */

/* Begin PBXResourcesBuildPhase section */
		BD3B3B512C1A53B80025B15A /* Resources */ = {
			isa = PBXResourcesBuildPhase;
			buildActionMask = 2147483647;
			files = (
				BD3B3B5E2C1A53BA0025B15A /* Preview Assets.xcassets in Resources */,
				BD3B3B5B2C1A53BA0025B15A /* Assets.xcassets in Resources */,
			);
			runOnlyForDeploymentPostprocessing = 0;
		};
		BD3B3B612C1A53BA0025B15A /* Resources */ = {
			isa = PBXResourcesBuildPhase;
			buildActionMask = 2147483647;
			files = (
			);
			runOnlyForDeploymentPostprocessing = 0;
		};
		BD3B3B6B2C1A53BA0025B15A /* Resources */ = {
			isa = PBXResourcesBuildPhase;
			buildActionMask = 2147483647;
			files = (
			);
			runOnlyForDeploymentPostprocessing = 0;
		};
/* End PBXResourcesBuildPhase section */

/* Begin PBXSourcesBuildPhase section */
		BD3B3B4F2C1A53B80025B15A /* Sources */ = {
			isa = PBXSourcesBuildPhase;
			buildActionMask = 2147483647;
			files = (
				BD3B3B592C1A53B80025B15A /* ContentView.swift in Sources */,
				BD3B3B572C1A53B80025B15A /* LimitLockApp.swift in Sources */,
			);
			runOnlyForDeploymentPostprocessing = 0;
		};
		BD3B3B5F2C1A53BA0025B15A /* Sources */ = {
			isa = PBXSourcesBuildPhase;
			buildActionMask = 2147483647;
			files = (
				BD3B3B682C1A53BA0025B15A /* LimitLockTests.swift in Sources */,
			);
			runOnlyForDeploymentPostprocessing = 0;
		};
		BD3B3B692C1A53BA0025B15A /* Sources */ = {
			isa = PBXSourcesBuildPhase;
			buildActionMask = 2147483647;
			files = (
				BD3B3B722C1A53BA0025B15A /* LimitLockUITests.swift in Sources */,
				BD3B3B742C1A53BA0025B15A /* LimitLockUITestsLaunchTests.swift in Sources */,
			);
			runOnlyForDeploymentPostprocessing = 0;
		};
/* End PBXSourcesBuildPhase section */

/* Begin PBXTargetDependency section */
		BD3B3B652C1A53BA0025B15A /* PBXTargetDependency */ = {
			isa = PBXTargetDependency;
			target = BD3B3B522C1A53B80025B15A /* LimitLock */;
			targetProxy = BD3B3B642C1A53BA0025B15A /* PBXContainerItemProxy */;
		};
		BD3B3B6F2C1A53BA0025B15A /* PBXTargetDependency */ = {
			isa = PBXTargetDependency;
			target = BD3B3B522C1A53B80025B15A /* LimitLock */;
			targetProxy = BD3B3B6E2C1A53BA0025B15A /* PBXContainerItemProxy */;
		};
/* End PBXTargetDependency section */

/* Begin XCBuildConfiguration section */
		BD3B3B752C1A53BA0025B15A /* Debug */ = {
			isa = XCBuildConfiguration;
			buildSettings = {
				ALWAYS_SEARCH_USER_PATHS = NO;
				ASSETCATALOG_COMPILER_GENERATE_SWIFT_ASSET_SYMBOL_EXTENSIONS = YES;
				CLANG_ANALYZER_NONNULL = YES;
				CLANG_ANALYZER_NUMBER_OBJECT_CONVERSION = YES_AGGRESSIVE;
				CLANG_CXX_LANGUAGE_STANDARD = "gnu++20";
				CLANG_ENABLE_MODULES = YES;
				CLANG_ENABLE_OBJC_ARC = YES;
				CLANG_ENABLE_OBJC_WEAK = YES;
				CLANG_WARN_BLOCK_CAPTURE_AUTORELEASING = YES;
				CLANG_WARN_BOOL_CONVERSION = YES;
				CLANG_WARN_COMMA = YES;
				CLANG_WARN_CONSTANT_CONVERSION = YES;
				CLANG_WARN_DEPRECATED_OBJC_IMPLEMENTATIONS = YES;
				CLANG_WARN_DIRECT_OBJC_ISA_USAGE = YES_ERROR;
				CLANG_WARN_DOCUMENTATION_COMMENTS = YES;
				CLANG_WARN_EMPTY_BODY = YES;
				CLANG_WARN_ENUM_CONVERSION = YES;
				CLANG_WARN_INFINITE_RECURSION = YES;
				CLANG_WARN_INT_CONVERSION = YES;
				CLANG_WARN_NON_LITERAL_NULL_CONVERSION = YES;
				CLANG_WARN_OBJC_IMPLICIT_RETAIN_SELF = YES;
				CLANG_WARN_OBJC_LITERAL_CONVERSION = YES;
				CLANG_WARN_OBJC_ROOT_CLASS = YES_ERROR;
				CLANG_WARN_QUOTED_INCLUDE_IN_FRAMEWORK_HEADER = YES;
				CLANG_WARN_RANGE_LOOP_ANALYSIS = YES;
				CLANG_WARN_STRICT_PROTOTYPES = YES;
				CLANG_WARN_SUSPICIOUS_MOVE = YES;
				CLANG_WARN_UNGUARDED_AVAILABILITY = YES_AGGRESSIVE;
				CLANG_WARN_UNREACHABLE_CODE = YES;
				CLANG_WARN__DUPLICATE_METHOD_MATCH = YES;
				COPY_PHASE_STRIP = NO;
				DEBUG_INFORMATION_FORMAT = dwarf;
				ENABLE_STRICT_OBJC_MSGSEND = YES;
				ENABLE_TESTABILITY = YES;
				ENABLE_USER_SCRIPT_SANDBOXING = YES;
				GCC_C_LANGUAGE_STANDARD = gnu17;
				GCC_DYNAMIC_NO_PIC = NO;
				GCC_NO_COMMON_BLOCKS = YES;
				GCC_OPTIMIZATION_LEVEL = 0;
				GCC_PREPROCESSOR_DEFINITIONS = (
					"DEBUG=1",
					"$(inherited)",
				);
				GCC_WARN_64_TO_32_BIT_CONVERSION = YES;
				GCC_WARN_ABOUT_RETURN_TYPE = YES_ERROR;
				GCC_WARN_UNDECLARED_SELECTOR = YES;
				GCC_WARN_UNINITIALIZED_AUTOS = YES_AGGRESSIVE;
				GCC_WARN_UNUSED_FUNCTION = YES;
				GCC_WARN_UNUSED_VARIABLE = YES;
				IPHONEOS_DEPLOYMENT_TARGET = 17.5;
				LOCALIZATION_PREFERS_STRING_CATALOGS = YES;
				MTL_ENABLE_DEBUG_INFO = INCLUDE_SOURCE;
				MTL_FAST_MATH = YES;
				ONLY_ACTIVE_ARCH = YES;
				SDKROOT = iphoneos;
				SWIFT_ACTIVE_COMPILATION_CONDITIONS = "DEBUG $(inherited)";
				SWIFT_OPTIMIZATION_LEVEL = "-Onone";
			};
			name = Debug;
		};
		BD3B3B762C1A53BA0025B15A /* Release */ = {
			isa = XCBuildConfiguration;
			buildSettings = {
				ALWAYS_SEARCH_USER_PATHS = NO;
				ASSETCATALOG_COMPILER_GENERATE_SWIFT_ASSET_SYMBOL_EXTENSIONS = YES;
				CLANG_ANALYZER_NONNULL = YES;
				CLANG_ANALYZER_NUMBER_OBJECT_CONVERSION = YES_AGGRESSIVE;
				CLANG_CXX_LANGUAGE_STANDARD = "gnu++20";
				CLANG_ENABLE_MODULES = YES;
				CLANG_ENABLE_OBJC_ARC = YES;
				CLANG_ENABLE_OBJC_WEAK = YES;
				CLANG_WARN_BLOCK_CAPTURE_AUTORELEASING = YES;
				CLANG_WARN_BOOL_CONVERSION = YES;
				CLANG_WARN_COMMA = YES;
				CLANG_WARN_CONSTANT_CONVERSION = YES;
				CLANG_WARN_DEPRECATED_OBJC_IMPLEMENTATIONS = YES;
				CLANG_WARN_DIRECT_OBJC_ISA_USAGE = YES_ERROR;
				CLANG_WARN_DOCUMENTATION_COMMENTS = YES;
				CLANG_WARN_EMPTY_BODY = YES;
				CLANG_WARN_ENUM_CONVERSION = YES;
				CLANG_WARN_INFINITE_RECURSION = YES;
				CLANG_WARN_INT_CONVERSION = YES;
				CLANG_WARN_NON_LITERAL_NULL_CONVERSION = YES;
				CLANG_WARN_OBJC_IMPLICIT_RETAIN_SELF = YES;
				CLANG_WARN_OBJC_LITERAL_CONVERSION = YES;
				CLANG_WARN_OBJC_ROOT_CLASS = YES_ERROR;
				CLANG_WARN_QUOTED_INCLUDE_IN_FRAMEWORK_HEADER = YES;
				CLANG_WARN_RANGE_LOOP_ANALYSIS = YES;
				CLANG_WARN_STRICT_PROTOTYPES = YES;
				CLANG_WARN_SUSPICIOUS_MOVE = YES;
				CLANG_WARN_UNGUARDED_AVAILABILITY = YES_AGGRESSIVE;
				CLANG_WARN_UNREACHABLE_CODE = YES;
				CLANG_WARN__DUPLICATE_METHOD_MATCH = YES;
				COPY_PHASE_STRIP = NO;
				DEBUG_INFORMATION_FORMAT = "dwarf-with-dsym";
				ENABLE_NS_ASSERTIONS = NO;
				ENABLE_STRICT_OBJC_MSGSEND = YES;
				ENABLE_USER_SCRIPT_SANDBOXING = YES;
				GCC_C_LANGUAGE_STANDARD = gnu17;
				GCC_NO_COMMON_BLOCKS = YES;
				GCC_WARN_64_TO_32_BIT_CONVERSION = YES;
				GCC_WARN_ABOUT_RETURN_TYPE = YES_ERROR;
				GCC_WARN_UNDECLARED_SELECTOR = YES;
				GCC_WARN_UNINITIALIZED_AUTOS = YES_AGGRESSIVE;
				GCC_WARN_UNUSED_FUNCTION = YES;
				GCC_WARN_UNUSED_VARIABLE = YES;
				IPHONEOS_DEPLOYMENT_TARGET = 17.5;
				LOCALIZATION_PREFERS_STRING_CATALOGS = YES;
				MTL_ENABLE_DEBUG_INFO = NO;
				MTL_FAST_MATH = YES;
				SDKROOT = iphoneos;
				SWIFT_COMPILATION_MODE = wholemodule;
				VALIDATE_PRODUCT = YES;
			};
			name = Release;
		};
		BD3B3B782C1A53BA0025B15A /* Debug */ = {
			isa = XCBuildConfiguration;
			buildSettings = {
				ASSETCATALOG_COMPILER_APPICON_NAME = AppIcon;
				ASSETCATALOG_COMPILER_GLOBAL_ACCENT_COLOR_NAME = AccentColor;
				CODE_SIGN_STYLE = Automatic;
				CURRENT_PROJECT_VERSION = 1;
				DEVELOPMENT_ASSET_PATHS = "\"LimitLock/Preview Content\"";
				DEVELOPMENT_TEAM = WZQ5K3DX5P;
				ENABLE_PREVIEWS = YES;
				GENERATE_INFOPLIST_FILE = YES;
				INFOPLIST_KEY_UIApplicationSceneManifest_Generation = YES;
				INFOPLIST_KEY_UIApplicationSupportsIndirectInputEvents = YES;
				INFOPLIST_KEY_UILaunchScreen_Generation = YES;
				INFOPLIST_KEY_UISupportedInterfaceOrientations_iPad = "UIInterfaceOrientationPortrait UIInterfaceOrientationPortraitUpsideDown UIInterfaceOrientationLandscapeLeft UIInterfaceOrientationLandscapeRight";
				INFOPLIST_KEY_UISupportedInterfaceOrientations_iPhone = "UIInterfaceOrientationPortrait UIInterfaceOrientationLandscapeLeft UIInterfaceOrientationLandscapeRight";
				LD_RUNPATH_SEARCH_PATHS = (
					"$(inherited)",
					"@executable_path/Frameworks",
				);
				MARKETING_VERSION = 1.0;
				PRODUCT_BUNDLE_IDENTIFIER = com.SeanGilday.LimitLock;
				PRODUCT_NAME = "$(TARGET_NAME)";
				SWIFT_EMIT_LOC_STRINGS = YES;
				SWIFT_VERSION = 5.0;
				TARGETED_DEVICE_FAMILY = "1,2";
			};
			name = Debug;
		};
		BD3B3B792C1A53BA0025B15A /* Release */ = {
			isa = XCBuildConfiguration;
			buildSettings = {
				ASSETCATALOG_COMPILER_APPICON_NAME = AppIcon;
				ASSETCATALOG_COMPILER_GLOBAL_ACCENT_COLOR_NAME = AccentColor;
				CODE_SIGN_STYLE = Automatic;
				CURRENT_PROJECT_VERSION = 1;
				DEVELOPMENT_ASSET_PATHS = "\"LimitLock/Preview Content\"";
				DEVELOPMENT_TEAM = WZQ5K3DX5P;
				ENABLE_PREVIEWS = YES;
				GENERATE_INFOPLIST_FILE = YES;
				INFOPLIST_KEY_UIApplicationSceneManifest_Generation = YES;
				INFOPLIST_KEY_UIApplicationSupportsIndirectInputEvents = YES;
				INFOPLIST_KEY_UILaunchScreen_Generation = YES;
				INFOPLIST_KEY_UISupportedInterfaceOrientations_iPad = "UIInterfaceOrientationPortrait UIInterfaceOrientationPortraitUpsideDown UIInterfaceOrientationLandscapeLeft UIInterfaceOrientationLandscapeRight";
				INFOPLIST_KEY_UISupportedInterfaceOrientations_iPhone = "UIInterfaceOrientationPortrait UIInterfaceOrientationLandscapeLeft UIInterfaceOrientationLandscapeRight";
				LD_RUNPATH_SEARCH_PATHS = (
					"$(inherited)",
					"@executable_path/Frameworks",
				);
				MARKETING_VERSION = 1.0;
				PRODUCT_BUNDLE_IDENTIFIER = com.SeanGilday.LimitLock;
				PRODUCT_NAME = "$(TARGET_NAME)";
				SWIFT_EMIT_LOC_STRINGS = YES;
				SWIFT_VERSION = 5.0;
				TARGETED_DEVICE_FAMILY = "1,2";
			};
			name = Release;
		};
		BD3B3B7B2C1A53BA0025B15A /* Debug */ = {
			isa = XCBuildConfiguration;
			buildSettings = {
				ALWAYS_EMBED_SWIFT_STANDARD_LIBRARIES = YES;
				BUNDLE_LOADER = "$(TEST_HOST)";
				CODE_SIGN_STYLE = Automatic;
				CURRENT_PROJECT_VERSION = 1;
				DEVELOPMENT_TEAM = WZQ5K3DX5P;
				GENERATE_INFOPLIST_FILE = YES;
				IPHONEOS_DEPLOYMENT_TARGET = 17.5;
				MARKETING_VERSION = 1.0;
				PRODUCT_BUNDLE_IDENTIFIER = com.SeanGilday.LimitLockTests;
				PRODUCT_NAME = "$(TARGET_NAME)";
				SWIFT_EMIT_LOC_STRINGS = NO;
				SWIFT_VERSION = 5.0;
				TARGETED_DEVICE_FAMILY = "1,2";
				TEST_HOST = "$(BUILT_PRODUCTS_DIR)/LimitLock.app/$(BUNDLE_EXECUTABLE_FOLDER_PATH)/LimitLock";
			};
			name = Debug;
		};
		BD3B3B7C2C1A53BA0025B15A /* Release */ = {
			isa = XCBuildConfiguration;
			buildSettings = {
				ALWAYS_EMBED_SWIFT_STANDARD_LIBRARIES = YES;
				BUNDLE_LOADER = "$(TEST_HOST)";
				CODE_SIGN_STYLE = Automatic;
				CURRENT_PROJECT_VERSION = 1;
				DEVELOPMENT_TEAM = WZQ5K3DX5P;
				GENERATE_INFOPLIST_FILE = YES;
				IPHONEOS_DEPLOYMENT_TARGET = 17.5;
				MARKETING_VERSION = 1.0;
				PRODUCT_BUNDLE_IDENTIFIER = com.SeanGilday.LimitLockTests;
				PRODUCT_NAME = "$(TARGET_NAME)";
				SWIFT_EMIT_LOC_STRINGS = NO;
				SWIFT_VERSION = 5.0;
				TARGETED_DEVICE_FAMILY = "1,2";
				TEST_HOST = "$(BUILT_PRODUCTS_DIR)/LimitLock.app/$(BUNDLE_EXECUTABLE_FOLDER_PATH)/LimitLock";
			};
			name = Release;
		};
		BD3B3B7E2C1A53BA0025B15A /* Debug */ = {
			isa = XCBuildConfiguration;
			buildSettings = {
				ALWAYS_EMBED_SWIFT_STANDARD_LIBRARIES = YES;
				CODE_SIGN_STYLE = Automatic;
				CURRENT_PROJECT_VERSION = 1;
				DEVELOPMENT_TEAM = WZQ5K3DX5P;
				GENERATE_INFOPLIST_FILE = YES;
				MARKETING_VERSION = 1.0;
				PRODUCT_BUNDLE_IDENTIFIER = com.SeanGilday.LimitLockUITests;
				PRODUCT_NAME = "$(TARGET_NAME)";
				SWIFT_EMIT_LOC_STRINGS = NO;
				SWIFT_VERSION = 5.0;
				TARGETED_DEVICE_FAMILY = "1,2";
				TEST_TARGET_NAME = LimitLock;
			};
			name = Debug;
		};
		BD3B3B7F2C1A53BA0025B15A /* Release */ = {
			isa = XCBuildConfiguration;
			buildSettings = {
				ALWAYS_EMBED_SWIFT_STANDARD_LIBRARIES = YES;
				CODE_SIGN_STYLE = Automatic;
				CURRENT_PROJECT_VERSION = 1;
				DEVELOPMENT_TEAM = WZQ5K3DX5P;
				GENERATE_INFOPLIST_FILE = YES;
				MARKETING_VERSION = 1.0;
				PRODUCT_BUNDLE_IDENTIFIER = com.SeanGilday.LimitLockUITests;
				PRODUCT_NAME = "$(TARGET_NAME)";
				SWIFT_EMIT_LOC_STRINGS = NO;
				SWIFT_VERSION = 5.0;
				TARGETED_DEVICE_FAMILY = "1,2";
				TEST_TARGET_NAME = LimitLock;
			};
			name = Release;
		};
/* End XCBuildConfiguration section */

/* Begin XCConfigurationList section */
		BD3B3B4E2C1A53B80025B15A /* Build configuration list for PBXProject "LimitLock" */ = {
			isa = XCConfigurationList;
			buildConfigurations = (
				BD3B3B752C1A53BA0025B15A /* Debug */,
				BD3B3B762C1A53BA0025B15A /* Release */,
			);
			defaultConfigurationIsVisible = 0;
			defaultConfigurationName = Release;
		};
		BD3B3B772C1A53BA0025B15A /* Build configuration list for PBXNativeTarget "LimitLock" */ = {
			isa = XCConfigurationList;
			buildConfigurations = (
				BD3B3B782C1A53BA0025B15A /* Debug */,
				BD3B3B792C1A53BA0025B15A /* Release */,
			);
			defaultConfigurationIsVisible = 0;
			defaultConfigurationName = Release;
		};
		BD3B3B7A2C1A53BA0025B15A /* Build configuration list for PBXNativeTarget "LimitLockTests" */ = {
			isa = XCConfigurationList;
			buildConfigurations = (
				BD3B3B7B2C1A53BA0025B15A /* Debug */,
				BD3B3B7C2C1A53BA0025B15A /* Release */,
			);
			defaultConfigurationIsVisible = 0;
			defaultConfigurationName = Release;
		};
		BD3B3B7D2C1A53BA0025B15A /* Build configuration list for PBXNativeTarget "LimitLockUITests" */ = {
			isa = XCConfigurationList;
			buildConfigurations = (
				BD3B3B7E2C1A53BA0025B15A /* Debug */,
				BD3B3B7F2C1A53BA0025B15A /* Release */,
			);
			defaultConfigurationIsVisible = 0;
			defaultConfigurationName = Release;
		};
/* End XCConfigurationList section */
	};
	rootObject = BD3B3B4B2C1A53B80025B15A /* Project object */;
}
